PODS:
  - flutter_vulkan (0.0.1):
    - FlutterMacOS
  - FlutterMacOS (1.0.0)

DEPENDENCIES:
  - flutter_vulkan (from `Flutter/ephemeral/.symlinks/plugins/flutter_vulkan/macos`)
  - FlutterMacOS (from `Flutter/ephemeral`)

EXTERNAL SOURCES:
  flutter_vulkan:
    :path: Flutter/ephemeral/.symlinks/plugins/flutter_vulkan/macos
  FlutterMacOS:
    :path: Flutter/ephemeral

SPEC CHECKSUMS:
  flutter_vulkan: dd1141abbe9f87159db7490aa5b8ada7ebd1a2c4
  FlutterMacOS: d0db08ddef1a9af05a5ec4b724367152bb0500b1

PODFILE CHECKSUM: c3dfa49fe1718ff539b25a86b1e83753ef88ae4d

COCOAPODS: 1.16.2
